
Microsoft Visual Studio Solution File, Format Version 11.00
# Visual Studio 2010
Project("{FAE04EC0-301F-11D3-BF4B-00C04F79EFBC}") = "FuncWorld", "Assembly-CSharp.csproj", "{F62715A7-C2B1-32F6-0452-E163FEEE12A8}"
EndProject
Project("{FAE04EC0-301F-11D3-BF4B-00C04F79EFBC}") = "FuncWorld", "Assembly-CSharp-firstpass.csproj", "{C1F46CCF-2900-CEBE-9DF0-896F4610040D}"
EndProject
Project("{FAE04EC0-301F-11D3-BF4B-00C04F79EFBC}") = "FuncWorld", "Assembly-CSharp-Editor-firstpass.csproj", "{4B46E5D3-135E-7855-37AC-A3B35F2C5B74}"
EndProject
Project("{FAE04EC0-301F-11D3-BF4B-00C04F79EFBC}") = "FuncWorld", "Assembly-CSharp-Editor.csproj", "{2A19A420-EB9D-25DD-62E9-4C8B8730D4F3}"
EndProject
Global
	GlobalSection(SolutionConfigurationPlatforms) = preSolution
		Debug|Any CPU = Debug|Any CPU
		Release|Any CPU = Release|Any CPU
	EndGlobalSection
	GlobalSection(ProjectConfigurationPlatforms) = postSolution
		{F62715A7-C2B1-32F6-0452-E163FEEE12A8}.Debug|Any CPU.ActiveCfg = Debug|Any CPU
		{F62715A7-C2B1-32F6-0452-E163FEEE12A8}.Debug|Any CPU.Build.0 = Debug|Any CPU
		{F62715A7-C2B1-32F6-0452-E163FEEE12A8}.Release|Any CPU.ActiveCfg = Release|Any CPU
		{F62715A7-C2B1-32F6-0452-E163FEEE12A8}.Release|Any CPU.Build.0 = Release|Any CPU
		{C1F46CCF-2900-CEBE-9DF0-896F4610040D}.Debug|Any CPU.ActiveCfg = Debug|Any CPU
		{C1F46CCF-2900-CEBE-9DF0-896F4610040D}.Debug|Any CPU.Build.0 = Debug|Any CPU
		{C1F46CCF-2900-CEBE-9DF0-896F4610040D}.Release|Any CPU.ActiveCfg = Release|Any CPU
		{C1F46CCF-2900-CEBE-9DF0-896F4610040D}.Release|Any CPU.Build.0 = Release|Any CPU
		{4B46E5D3-135E-7855-37AC-A3B35F2C5B74}.Debug|Any CPU.ActiveCfg = Debug|Any CPU
		{4B46E5D3-135E-7855-37AC-A3B35F2C5B74}.Debug|Any CPU.Build.0 = Debug|Any CPU
		{4B46E5D3-135E-7855-37AC-A3B35F2C5B74}.Release|Any CPU.ActiveCfg = Release|Any CPU
		{4B46E5D3-135E-7855-37AC-A3B35F2C5B74}.Release|Any CPU.Build.0 = Release|Any CPU
		{2A19A420-EB9D-25DD-62E9-4C8B8730D4F3}.Debug|Any CPU.ActiveCfg = Debug|Any CPU
		{2A19A420-EB9D-25DD-62E9-4C8B8730D4F3}.Debug|Any CPU.Build.0 = Debug|Any CPU
		{2A19A420-EB9D-25DD-62E9-4C8B8730D4F3}.Release|Any CPU.ActiveCfg = Release|Any CPU
		{2A19A420-EB9D-25DD-62E9-4C8B8730D4F3}.Release|Any CPU.Build.0 = Release|Any CPU
	EndGlobalSection
	GlobalSection(SolutionProperties) = preSolution
		HideSolutionNode = FALSE
	EndGlobalSection
	GlobalSection(MonoDevelopProperties) = preSolution
		StartupItem = Assembly-CSharp.csproj
	EndGlobalSection
EndGlobal
